
Microsoft Visual Studio Solution File, Format Version 12.00
# Visual Studio 15
Project("{FAE04EC0-301F-11D3-BF4B-00C04F79EFBC}") = "Assembly-CSharp-firstpass", "Assembly-CSharp-firstpass.csproj", "{BD52998A-C7B3-7C28-A4B6-047255C098E4}"
EndProject
Project("{FAE04EC0-301F-11D3-BF4B-00C04F79EFBC}") = "Assembly-CSharp-Editor", "Assembly-CSharp-Editor.csproj", "{75AA3973-E1C8-8318-5CA8-2FCFDF6F4685}"
EndProject
Project("{FAE04EC0-301F-11D3-BF4B-00C04F79EFBC}") = "Assembly-CSharp", "Assembly-CSharp.csproj", "{92D868E7-AD0D-718F-ACF0-436DFF04F0E7}"
EndProject
Project("{FAE04EC0-301F-11D3-BF4B-00C04F79EFBC}") = "Assembly-CSharp-Editor-firstpass", "Assembly-CSharp-Editor-firstpass.csproj", "{00B7EC5F-9C8B-2DA6-2B0B-9116EF4BBF89}"
EndProject
Global
	GlobalSection(SolutionConfigurationPlatforms) = preSolution
		Debug|Any CPU = Debug|Any CPU
		Release|Any CPU = Release|Any CPU
	EndGlobalSection
	GlobalSection(ProjectConfigurationPlatforms) = postSolution
		{BD52998A-C7B3-7C28-A4B6-047255C098E4}.Debug|Any CPU.ActiveCfg = Debug|Any CPU
		{BD52998A-C7B3-7C28-A4B6-047255C098E4}.Debug|Any CPU.Build.0 = Debug|Any CPU
		{BD52998A-C7B3-7C28-A4B6-047255C098E4}.Release|Any CPU.ActiveCfg = Release|Any CPU
		{BD52998A-C7B3-7C28-A4B6-047255C098E4}.Release|Any CPU.Build.0 = Release|Any CPU
		{75AA3973-E1C8-8318-5CA8-2FCFDF6F4685}.Debug|Any CPU.ActiveCfg = Debug|Any CPU
		{75AA3973-E1C8-8318-5CA8-2FCFDF6F4685}.Debug|Any CPU.Build.0 = Debug|Any CPU
		{75AA3973-E1C8-8318-5CA8-2FCFDF6F4685}.Release|Any CPU.ActiveCfg = Release|Any CPU
		{75AA3973-E1C8-8318-5CA8-2FCFDF6F4685}.Release|Any CPU.Build.0 = Release|Any CPU
		{92D868E7-AD0D-718F-ACF0-436DFF04F0E7}.Debug|Any CPU.ActiveCfg = Debug|Any CPU
		{92D868E7-AD0D-718F-ACF0-436DFF04F0E7}.Debug|Any CPU.Build.0 = Debug|Any CPU
		{92D868E7-AD0D-718F-ACF0-436DFF04F0E7}.Release|Any CPU.ActiveCfg = Release|Any CPU
		{92D868E7-AD0D-718F-ACF0-436DFF04F0E7}.Release|Any CPU.Build.0 = Release|Any CPU
		{00B7EC5F-9C8B-2DA6-2B0B-9116EF4BBF89}.Debug|Any CPU.ActiveCfg = Debug|Any CPU
		{00B7EC5F-9C8B-2DA6-2B0B-9116EF4BBF89}.Debug|Any CPU.Build.0 = Debug|Any CPU
		{00B7EC5F-9C8B-2DA6-2B0B-9116EF4BBF89}.Release|Any CPU.ActiveCfg = Release|Any CPU
		{00B7EC5F-9C8B-2DA6-2B0B-9116EF4BBF89}.Release|Any CPU.Build.0 = Release|Any CPU
	EndGlobalSection
	GlobalSection(SolutionProperties) = preSolution
		HideSolutionNode = FALSE
	EndGlobalSection
EndGlobal
